
Microsoft Visual Studio Solution File, Format Version 12.00
# Visual Studio Version 17
VisualStudioVersion = 17.4.33403.182
MinimumVisualStudioVersion = 10.0.40219.1
Project("{FAE04EC0-301F-11D3-BF4B-00C04F79EFBC}") = "ProsperaCodeSample", "ProsperaCodeSample\ProsperaCodeSample.csproj", "{5A373887-8E57-4C99-BB89-0941D60D84E5}"
EndProject
Global
	GlobalSection(SolutionConfigurationPlatforms) = preSolution
		Debug|Any CPU = Debug|Any CPU
		Release|Any CPU = Release|Any CPU
	EndGlobalSection
	GlobalSection(ProjectConfigurationPlatforms) = postSolution
		{5A373887-8E57-4C99-BB89-0941D60D84E5}.Debug|Any CPU.ActiveCfg = Debug|Any CPU
		{5A373887-8E57-4C99-BB89-0941D60D84E5}.Debug|Any CPU.Build.0 = Debug|Any CPU
		{5A373887-8E57-4C99-BB89-0941D60D84E5}.Release|Any CPU.ActiveCfg = Release|Any CPU
		{5A373887-8E57-4C99-BB89-0941D60D84E5}.Release|Any CPU.Build.0 = Release|Any CPU
	EndGlobalSection
	GlobalSection(SolutionProperties) = preSolution
		HideSolutionNode = FALSE
	EndGlobalSection
	GlobalSection(ExtensibilityGlobals) = postSolution
		SolutionGuid = {4589A5D7-CB6D-4375-9C08-7A9763B5D5EE}
	EndGlobalSection
EndGlobal
